
Microsoft Visual Studio Solution File, Format Version 12.00
# Visual Studio Version 17
VisualStudioVersion = 17.14.36310.24 d17.14
MinimumVisualStudioVersion = 10.0.40219.1
Project("{FAE04EC0-301F-11D3-BF4B-00C04F79EFBC}") = "Grade Converter", "Grade Converter.csproj", "{EC16A705-34D3-4E67-B8BA-2A3E65C7FF0A}"
EndProject
Global
	GlobalSection(SolutionConfigurationPlatforms) = preSolution
		Debug|Any CPU = Debug|Any CPU
		Release|Any CPU = Release|Any CPU
	EndGlobalSection
	GlobalSection(ProjectConfigurationPlatforms) = postSolution
		{EC16A705-34D3-4E67-B8BA-2A3E65C7FF0A}.Debug|Any CPU.ActiveCfg = Debug|Any CPU
		{EC16A705-34D3-4E67-B8BA-2A3E65C7FF0A}.Debug|Any CPU.Build.0 = Debug|Any CPU
		{EC16A705-34D3-4E67-B8BA-2A3E65C7FF0A}.Release|Any CPU.ActiveCfg = Release|Any CPU
		{EC16A705-34D3-4E67-B8BA-2A3E65C7FF0A}.Release|Any CPU.Build.0 = Release|Any CPU
	EndGlobalSection
	GlobalSection(SolutionProperties) = preSolution
		HideSolutionNode = FALSE
	EndGlobalSection
	GlobalSection(ExtensibilityGlobals) = postSolution
		SolutionGuid = {4F80C26A-8041-4D84-B638-5C17D3E96D6E}
	EndGlobalSection
EndGlobal
